<?xml version="1.0" encoding="utf-8"?>
<Project ToolsVersion="4.0" xmlns="http://schemas.microsoft.com/developer/msbuild/2003">
  <ItemGroup>
    <ClCompile Include="..\src\png\png.c">
      <Filter>png</Filter>
    </ClCompile>
    <ClCompile Include="..\src\png\pngtrans.c">
      <Filter>png</Filter>
    </ClCompile>
    <ClCompile Include="..\src\png\pngerror.c">
      <Filter>png</Filter>
    </ClCompile>
    <ClCompile Include="..\src\png\pngget.c">
      <Filter>png</Filter>
    </ClCompile>
    <ClCompile Include="..\src\png\pngmem.c">
      <Filter>png</Filter>
    </ClCompile>
    <ClCompile Include="..\src\png\pngpread.c">
      <Filter>png</Filter>
    </ClCompile>
    <ClCompile Include="..\src\png\pngread.c">
      <Filter>png</Filter>
    </ClCompile>
    <ClCompile Include="..\src\png\pngrio.c">
      <Filter>png</Filter>
    </ClCompile>
    <ClCompile Include="..\src\png\pngrtran.c">
      <Filter>png</Filter>
    </ClCompile>
    <ClCompile Include="..\src\png\pngrutil.c">
      <Filter>png</Filter>
    </ClCompile>
    <ClCompile Include="..\src\png\pngset.c">
      <Filter>png</Filter>
    </ClCompile>
    <ClCompile Include="..\src\zlib\adler32.c">
      <Filter>zlib</Filter>
    </ClCompile>
    <ClCompile Include="..\src\zlib\crc32.c">
      <Filter>zlib</Filter>
    </ClCompile>
    <ClCompile Include="..\src\zlib\infblock.c">
      <Filter>zlib</Filter>
    </ClCompile>
    <ClCompile Include="..\src\zlib\infcodes.c">
      <Filter>zlib</Filter>
    </ClCompile>
    <ClCompile Include="..\src\zlib\inffast.c">
      <Filter>zlib</Filter>
    </ClCompile>
    <ClCompile Include="..\src\zlib\inflate.c">
      <Filter>zlib</Filter>
    </ClCompile>
    <ClCompile Include="..\src\zlib\inftrees.c">
      <Filter>zlib</Filter>
    </ClCompile>
    <ClCompile Include="..\src\zlib\infutil.c">
      <Filter>zlib</Filter>
    </ClCompile>
    <ClCompile Include="..\src\zlib\zutil.c">
      <Filter>zlib</Filter>
    </ClCompile>
    <ClCompile Include="..\src\glpng.c" />
  </ItemGroup>
  <ItemGroup>
    <ClInclude Include="..\src\png\png.h">
      <Filter>png</Filter>
    </ClInclude>
    <ClInclude Include="..\src\png\pngconf.h">
      <Filter>png</Filter>
    </ClInclude>
    <ClInclude Include="..\src\zlib\infblock.h">
      <Filter>zlib</Filter>
    </ClInclude>
    <ClInclude Include="..\src\zlib\infcodes.h">
      <Filter>zlib</Filter>
    </ClInclude>
    <ClInclude Include="..\src\zlib\inffast.h">
      <Filter>zlib</Filter>
    </ClInclude>
    <ClInclude Include="..\src\zlib\inffixed.h">
      <Filter>zlib</Filter>
    </ClInclude>
    <ClInclude Include="..\src\zlib\inftrees.h">
      <Filter>zlib</Filter>
    </ClInclude>
    <ClInclude Include="..\src\zlib\infutil.h">
      <Filter>zlib</Filter>
    </ClInclude>
    <ClInclude Include="..\src\zlib\zconf.h">
      <Filter>zlib</Filter>
    </ClInclude>
    <ClInclude Include="..\src\zlib\zlib.h">
      <Filter>zlib</Filter>
    </ClInclude>
    <ClInclude Include="..\src\zlib\zutil.h">
      <Filter>zlib</Filter>
    </ClInclude>
  </ItemGroup>
  <ItemGroup>
    <Filter Include="png">
      <UniqueIdentifier>{37bca78a-77ec-4bf1-8af2-4b5ec8fc855e}</UniqueIdentifier>
    </Filter>
    <Filter Include="zlib">
      <UniqueIdentifier>{ce397e96-59d8-4851-8799-9b71c1816bc9}</UniqueIdentifier>
    </Filter>
  </ItemGroup>
</Project>